// !$*UTF8*$!
{
	archiveVersion = 1;
	classes = {
	};
	objectVersion = 56;
	objects = {

/* Begin PBXBuildFile section */
		001001 /* AgentAPIModels.swift in Sources */ = {isa = PBXBuildFile; fileRef = 001000 /* AgentAPIModels.swift */; };
		001003 /* AgentRuntimeContract.swift in Sources */ = {isa = PBXBuildFile; fileRef = 001002 /* AgentRuntimeContract.swift */; };
		001005 /* LocalAgentService.swift in Sources */ = {isa = PBXBuildFile; fileRef = 001004 /* LocalAgentService.swift */; };
		001007 /* AgentCoreIOSApp.swift in Sources */ = {isa = PBXBuildFile; fileRef = 001006 /* AgentCoreIOSApp.swift */; };
		001009 /* AgentModelProvider.swift in Sources */ = {isa = PBXBuildFile; fileRef = 001008 /* AgentModelProvider.swift */; };
		001011 /* LocalDeterministicPlanner.swift in Sources */ = {isa = PBXBuildFile; fileRef = 001010 /* LocalDeterministicPlanner.swift */; };
		001013 /* AgentRuntime.swift in Sources */ = {isa = PBXBuildFile; fileRef = 001012 /* AgentRuntime.swift */; };
		003001 /* AgentRuntimeState.swift in Sources */ = {isa = PBXBuildFile; fileRef = 003000 /* AgentRuntimeState.swift */; };
		003003 /* AgentRuntimeEvent.swift in Sources */ = {isa = PBXBuildFile; fileRef = 003002 /* AgentRuntimeEvent.swift */; };
		003005 /* AgentRuntimeReducer.swift in Sources */ = {isa = PBXBuildFile; fileRef = 003004 /* AgentRuntimeReducer.swift */; };
		003007 /* AgentRuntimeStore.swift in Sources */ = {isa = PBXBuildFile; fileRef = 003006 /* AgentRuntimeStore.swift */; };
		001015 /* LocalCheckpointStore.swift in Sources */ = {isa = PBXBuildFile; fileRef = 001014 /* LocalCheckpointStore.swift */; };
		001017 /* LocalExperienceStore.swift in Sources */ = {isa = PBXBuildFile; fileRef = 001016 /* LocalExperienceStore.swift */; };
		001019 /* LocalMemoryStore.swift in Sources */ = {isa = PBXBuildFile; fileRef = 001018 /* LocalMemoryStore.swift */; };
		001021 /* LocalVaultStore.swift in Sources */ = {isa = PBXBuildFile; fileRef = 001020 /* LocalVaultStore.swift */; };
		001023 /* AppDataUpdateModels.swift in Sources */ = {isa = PBXBuildFile; fileRef = 001022 /* AppDataUpdateModels.swift */; };
		001025 /* DataUpdateValidator.swift in Sources */ = {isa = PBXBuildFile; fileRef = 001024 /* DataUpdateValidator.swift */; };
		001027 /* GitHubDataUpdateConfiguration.swift in Sources */ = {isa = PBXBuildFile; fileRef = 001026 /* GitHubDataUpdateConfiguration.swift */; };
		001029 /* GitHubDataUpdateManager.swift in Sources */ = {isa = PBXBuildFile; fileRef = 001028 /* GitHubDataUpdateManager.swift */; };
		001031 /* LocalAgentServiceTests.swift in Sources */ = {isa = PBXBuildFile; fileRef = 001030 /* LocalAgentServiceTests.swift */; };
		002101 /* AgentDesignTokens.swift in Sources */ = {isa = PBXBuildFile; fileRef = 002001 /* AgentDesignTokens.swift */; };
		002102 /* AgentOrbView.swift in Sources */ = {isa = PBXBuildFile; fileRef = 002002 /* AgentOrbView.swift */; };
		002103 /* StatusPillView.swift in Sources */ = {isa = PBXBuildFile; fileRef = 002003 /* StatusPillView.swift */; };
		002104 /* PrivacyChipView.swift in Sources */ = {isa = PBXBuildFile; fileRef = 002004 /* PrivacyChipView.swift */; };
		002105 /* InputPillView.swift in Sources */ = {isa = PBXBuildFile; fileRef = 002005 /* InputPillView.swift */; };
		002106 /* QuickActionCard.swift in Sources */ = {isa = PBXBuildFile; fileRef = 002006 /* QuickActionCard.swift */; };
		002107 /* CurrentTaskCard.swift in Sources */ = {isa = PBXBuildFile; fileRef = 002007 /* CurrentTaskCard.swift */; };
		002108 /* ActivityRowView.swift in Sources */ = {isa = PBXBuildFile; fileRef = 002008 /* ActivityRowView.swift */; };
		002109 /* StepProgressRow.swift in Sources */ = {isa = PBXBuildFile; fileRef = 002009 /* StepProgressRow.swift */; };
		002110 /* ProgressBarView.swift in Sources */ = {isa = PBXBuildFile; fileRef = 002010 /* ProgressBarView.swift */; };
		002111 /* CategoryCard.swift in Sources */ = {isa = PBXBuildFile; fileRef = 002011 /* CategoryCard.swift */; };
		002112 /* RememberedContextCard.swift in Sources */ = {isa = PBXBuildFile; fileRef = 002012 /* RememberedContextCard.swift */; };
		002113 /* ConnectionRowView.swift in Sources */ = {isa = PBXBuildFile; fileRef = 002013 /* ConnectionRowView.swift */; };
		002114 /* SettingsCard.swift in Sources */ = {isa = PBXBuildFile; fileRef = 002014 /* SettingsCard.swift */; };
		002115 /* HomeView.swift in Sources */ = {isa = PBXBuildFile; fileRef = 002015 /* HomeView.swift */; };
		002116 /* ExecuteView.swift in Sources */ = {isa = PBXBuildFile; fileRef = 002016 /* ExecuteView.swift */; };
		002117 /* ActivityView.swift in Sources */ = {isa = PBXBuildFile; fileRef = 002017 /* ActivityView.swift */; };
		002118 /* VaultView.swift in Sources */ = {isa = PBXBuildFile; fileRef = 002018 /* VaultView.swift */; };
		002119 /* ConnectionsView.swift in Sources */ = {isa = PBXBuildFile; fileRef = 002019 /* ConnectionsView.swift */; };
		002120 /* SettingsView.swift in Sources */ = {isa = PBXBuildFile; fileRef = 002020 /* SettingsView.swift */; };
		002121 /* ReviewView.swift in Sources */ = {isa = PBXBuildFile; fileRef = 002021 /* ReviewView.swift */; };
		004001 /* LanguageModelProvider.swift in Sources */ = {isa = PBXBuildFile; fileRef = 004000 /* LanguageModelProvider.swift */; };
		004003 /* MockLanguageModelProvider.swift in Sources */ = {isa = PBXBuildFile; fileRef = 004002 /* MockLanguageModelProvider.swift */; };
		004005 /* LanguageModelProviderTests.swift in Sources */ = {isa = PBXBuildFile; fileRef = 004004 /* LanguageModelProviderTests.swift */; };
		005001 /* ModelCatalog.swift in Sources */ = {isa = PBXBuildFile; fileRef = 005000 /* ModelCatalog.swift */; };
		005003 /* ModelDownloadManager.swift in Sources */ = {isa = PBXBuildFile; fileRef = 005002 /* ModelDownloadManager.swift */; };
		005005 /* OpenAICompatibleProvider.swift in Sources */ = {isa = PBXBuildFile; fileRef = 005004 /* OpenAICompatibleProvider.swift */; };
		005007 /* RoutingLanguageModelProvider.swift in Sources */ = {isa = PBXBuildFile; fileRef = 005006 /* RoutingLanguageModelProvider.swift */; };
		005011 /* LLMProviderTests.swift in Sources */ = {isa = PBXBuildFile; fileRef = 005010 /* LLMProviderTests.swift */; };
		005021 /* Assets.xcassets in Resources */ = {isa = PBXBuildFile; fileRef = 005020 /* Assets.xcassets */; };
/* End PBXBuildFile section */

/* Begin PBXContainerItemProxy section */
		001040 /* PBXContainerItemProxy */ = {
			isa = PBXContainerItemProxy;
			containerPortal = 001000000000000000000001 /* Project object */;
			proxyType = 1;
			remoteGlobalIDString = 001050 /* AgentCoreIOS */;
			remoteInfo = AgentCoreIOS;
		};
/* End PBXContainerItemProxy section */

/* Begin PBXFileReference section */
		001000 /* AgentAPIModels.swift */ = {isa = PBXFileReference; lastKnownFileType = sourcecode.swift; path = AgentAPIModels.swift; sourceTree = "<group>"; };
		001002 /* AgentRuntimeContract.swift */ = {isa = PBXFileReference; lastKnownFileType = sourcecode.swift; path = AgentRuntimeContract.swift; sourceTree = "<group>"; };
		001004 /* LocalAgentService.swift */ = {isa = PBXFileReference; lastKnownFileType = sourcecode.swift; path = LocalAgentService.swift; sourceTree = "<group>"; };
		001006 /* AgentCoreIOSApp.swift */ = {isa = PBXFileReference; lastKnownFileType = sourcecode.swift; path = AgentCoreIOSApp.swift; sourceTree = "<group>"; };
		001008 /* AgentModelProvider.swift */ = {isa = PBXFileReference; lastKnownFileType = sourcecode.swift; path = AgentModelProvider.swift; sourceTree = "<group>"; };
		001010 /* LocalDeterministicPlanner.swift */ = {isa = PBXFileReference; lastKnownFileType = sourcecode.swift; path = LocalDeterministicPlanner.swift; sourceTree = "<group>"; };
		001012 /* AgentRuntime.swift */ = {isa = PBXFileReference; lastKnownFileType = sourcecode.swift; path = AgentRuntime.swift; sourceTree = "<group>"; };
		003000 /* AgentRuntimeState.swift */ = {isa = PBXFileReference; lastKnownFileType = sourcecode.swift; path = AgentRuntimeState.swift; sourceTree = "<group>"; };
		003002 /* AgentRuntimeEvent.swift */ = {isa = PBXFileReference; lastKnownFileType = sourcecode.swift; path = AgentRuntimeEvent.swift; sourceTree = "<group>"; };
		003004 /* AgentRuntimeReducer.swift */ = {isa = PBXFileReference; lastKnownFileType = sourcecode.swift; path = AgentRuntimeReducer.swift; sourceTree = "<group>"; };
		003006 /* AgentRuntimeStore.swift */ = {isa = PBXFileReference; lastKnownFileType = sourcecode.swift; path = AgentRuntimeStore.swift; sourceTree = "<group>"; };
		001014 /* LocalCheckpointStore.swift */ = {isa = PBXFileReference; lastKnownFileType = sourcecode.swift; path = LocalCheckpointStore.swift; sourceTree = "<group>"; };
		001016 /* LocalExperienceStore.swift */ = {isa = PBXFileReference; lastKnownFileType = sourcecode.swift; path = LocalExperienceStore.swift; sourceTree = "<group>"; };
		001018 /* LocalMemoryStore.swift */ = {isa = PBXFileReference; lastKnownFileType = sourcecode.swift; path = LocalMemoryStore.swift; sourceTree = "<group>"; };
		001020 /* LocalVaultStore.swift */ = {isa = PBXFileReference; lastKnownFileType = sourcecode.swift; path = LocalVaultStore.swift; sourceTree = "<group>"; };
		001022 /* AppDataUpdateModels.swift */ = {isa = PBXFileReference; lastKnownFileType = sourcecode.swift; path = AppDataUpdateModels.swift; sourceTree = "<group>"; };
		001024 /* DataUpdateValidator.swift */ = {isa = PBXFileReference; lastKnownFileType = sourcecode.swift; path = DataUpdateValidator.swift; sourceTree = "<group>"; };
		001026 /* GitHubDataUpdateConfiguration.swift */ = {isa = PBXFileReference; lastKnownFileType = sourcecode.swift; path = GitHubDataUpdateConfiguration.swift; sourceTree = "<group>"; };
		001028 /* GitHubDataUpdateManager.swift */ = {isa = PBXFileReference; lastKnownFileType = sourcecode.swift; path = GitHubDataUpdateManager.swift; sourceTree = "<group>"; };
		001030 /* LocalAgentServiceTests.swift */ = {isa = PBXFileReference; lastKnownFileType = sourcecode.swift; path = LocalAgentServiceTests.swift; sourceTree = "<group>"; };
		001032 /* Info.plist */ = {isa = PBXFileReference; lastKnownFileType = text.plist.xml; path = Info.plist; sourceTree = "<group>"; };
		001051 /* AgentCoreIOS.app */ = {isa = PBXFileReference; explicitFileType = wrapper.application; includeInIndex = 0; path = AgentCoreIOS.app; sourceTree = BUILT_PRODUCTS_DIR; };
		001052 /* AgentCoreIOSTests.xctest */ = {isa = PBXFileReference; explicitFileType = wrapper.cfbundle; includeInIndex = 0; path = AgentCoreIOSTests.xctest; sourceTree = BUILT_PRODUCTS_DIR; };
		002001 /* AgentDesignTokens.swift */ = {isa = PBXFileReference; lastKnownFileType = sourcecode.swift; path = AgentDesignTokens.swift; sourceTree = "<group>"; };
		002002 /* AgentOrbView.swift */ = {isa = PBXFileReference; lastKnownFileType = sourcecode.swift; path = AgentOrbView.swift; sourceTree = "<group>"; };
		002003 /* StatusPillView.swift */ = {isa = PBXFileReference; lastKnownFileType = sourcecode.swift; path = StatusPillView.swift; sourceTree = "<group>"; };
		002004 /* PrivacyChipView.swift */ = {isa = PBXFileReference; lastKnownFileType = sourcecode.swift; path = PrivacyChipView.swift; sourceTree = "<group>"; };
		002005 /* InputPillView.swift */ = {isa = PBXFileReference; lastKnownFileType = sourcecode.swift; path = InputPillView.swift; sourceTree = "<group>"; };
		002006 /* QuickActionCard.swift */ = {isa = PBXFileReference; lastKnownFileType = sourcecode.swift; path = QuickActionCard.swift; sourceTree = "<group>"; };
		002007 /* CurrentTaskCard.swift */ = {isa = PBXFileReference; lastKnownFileType = sourcecode.swift; path = CurrentTaskCard.swift; sourceTree = "<group>"; };
		002008 /* ActivityRowView.swift */ = {isa = PBXFileReference; lastKnownFileType = sourcecode.swift; path = ActivityRowView.swift; sourceTree = "<group>"; };
		002009 /* StepProgressRow.swift */ = {isa = PBXFileReference; lastKnownFileType = sourcecode.swift; path = StepProgressRow.swift; sourceTree = "<group>"; };
		002010 /* ProgressBarView.swift */ = {isa = PBXFileReference; lastKnownFileType = sourcecode.swift; path = ProgressBarView.swift; sourceTree = "<group>"; };
		002011 /* CategoryCard.swift */ = {isa = PBXFileReference; lastKnownFileType = sourcecode.swift; path = CategoryCard.swift; sourceTree = "<group>"; };
		002012 /* RememberedContextCard.swift */ = {isa = PBXFileReference; lastKnownFileType = sourcecode.swift; path = RememberedContextCard.swift; sourceTree = "<group>"; };
		002013 /* ConnectionRowView.swift */ = {isa = PBXFileReference; lastKnownFileType = sourcecode.swift; path = ConnectionRowView.swift; sourceTree = "<group>"; };
		002014 /* SettingsCard.swift */ = {isa = PBXFileReference; lastKnownFileType = sourcecode.swift; path = SettingsCard.swift; sourceTree = "<group>"; };
		002015 /* HomeView.swift */ = {isa = PBXFileReference; lastKnownFileType = sourcecode.swift; path = HomeView.swift; sourceTree = "<group>"; };
		002016 /* ExecuteView.swift */ = {isa = PBXFileReference; lastKnownFileType = sourcecode.swift; path = ExecuteView.swift; sourceTree = "<group>"; };
		002017 /* ActivityView.swift */ = {isa = PBXFileReference; lastKnownFileType = sourcecode.swift; path = ActivityView.swift; sourceTree = "<group>"; };
		002018 /* VaultView.swift */ = {isa = PBXFileReference; lastKnownFileType = sourcecode.swift; path = VaultView.swift; sourceTree = "<group>"; };
		002019 /* ConnectionsView.swift */ = {isa = PBXFileReference; lastKnownFileType = sourcecode.swift; path = ConnectionsView.swift; sourceTree = "<group>"; };
		002020 /* SettingsView.swift */ = {isa = PBXFileReference; lastKnownFileType = sourcecode.swift; path = SettingsView.swift; sourceTree = "<group>"; };
		002021 /* ReviewView.swift */ = {isa = PBXFileReference; lastKnownFileType = sourcecode.swift; path = ReviewView.swift; sourceTree = "<group>"; };
		004000 /* LanguageModelProvider.swift */ = {isa = PBXFileReference; lastKnownFileType = sourcecode.swift; path = LanguageModelProvider.swift; sourceTree = "<group>"; };
		004002 /* MockLanguageModelProvider.swift */ = {isa = PBXFileReference; lastKnownFileType = sourcecode.swift; path = MockLanguageModelProvider.swift; sourceTree = "<group>"; };
		004004 /* LanguageModelProviderTests.swift */ = {isa = PBXFileReference; lastKnownFileType = sourcecode.swift; path = LanguageModelProviderTests.swift; sourceTree = "<group>"; };
/* End PBXFileReference section */

/* Begin PBXFrameworksBuildPhase section */
		001060 /* Frameworks */ = {
			isa = PBXFrameworksBuildPhase;
			buildActionMask = 2147483647;
			files = (
			);
			runOnlyForDeploymentPostprocessing = 0;
		};
		001061 /* Frameworks */ = {
			isa = PBXFrameworksBuildPhase;
			buildActionMask = 2147483647;
			files = (
			);
			runOnlyForDeploymentPostprocessing = 0;
		};
/* End PBXFrameworksBuildPhase section */

/* Begin PBXGroup section */
		001070 /* Main Group */ = {
			isa = PBXGroup;
			children = (
				001071 /* AgentCoreIOS */,
				001078 /* Tests */,
				001079 /* Products */,
			);
			sourceTree = "<group>";
		};
		001071 /* AgentCoreIOS */ = {
			isa = PBXGroup;
			children = (
				001072 /* API */,
				001073 /* App */,
				001074 /* Providers */,
				001075 /* Runtime */,
				001076 /* Storage */,
				001077 /* Update */,
				002050 /* UI */,
				005020 /* Assets.xcassets */,
			);
			path = AgentCoreIOS;
			sourceTree = "<group>";
		};
		001072 /* API */ = {
			isa = PBXGroup;
			children = (
				001000 /* AgentAPIModels.swift */,
				001002 /* AgentRuntimeContract.swift */,
				001004 /* LocalAgentService.swift */,
			);
			path = API;
			sourceTree = "<group>";
		};
		001073 /* App */ = {
			isa = PBXGroup;
			children = (
				001006 /* AgentCoreIOSApp.swift */,
				001032 /* Info.plist */,
			);
			path = App;
			sourceTree = "<group>";
		};
		001074 /* Providers */ = {
			isa = PBXGroup;
			children = (
				001008 /* AgentModelProvider.swift */,
				001010 /* LocalDeterministicPlanner.swift */,
				004000 /* LanguageModelProvider.swift */,
				004002 /* MockLanguageModelProvider.swift */,
				005000 /* ModelCatalog.swift */,
				005002 /* ModelDownloadManager.swift */,
				005004 /* OpenAICompatibleProvider.swift */,
				005006 /* RoutingLanguageModelProvider.swift */,
			);
			path = Providers;
			sourceTree = "<group>";
		};
		001075 /* Runtime */ = {
			isa = PBXGroup;
			children = (
				001012 /* AgentRuntime.swift */,
				003000 /* AgentRuntimeState.swift */,
				003002 /* AgentRuntimeEvent.swift */,
				003004 /* AgentRuntimeReducer.swift */,
				003006 /* AgentRuntimeStore.swift */,
			);
			path = Runtime;
			sourceTree = "<group>";
		};
		001076 /* Storage */ = {
			isa = PBXGroup;
			children = (
				001014 /* LocalCheckpointStore.swift */,
				001016 /* LocalExperienceStore.swift */,
				001018 /* LocalMemoryStore.swift */,
				001020 /* LocalVaultStore.swift */,
			);
			path = Storage;
			sourceTree = "<group>";
		};
		001077 /* Update */ = {
			isa = PBXGroup;
			children = (
				001022 /* AppDataUpdateModels.swift */,
				001024 /* DataUpdateValidator.swift */,
				001026 /* GitHubDataUpdateConfiguration.swift */,
				001028 /* GitHubDataUpdateManager.swift */,
			);
			path = Update;
			sourceTree = "<group>";
		};
		002050 /* UI */ = {
			isa = PBXGroup;
			children = (
				002051 /* Design */,
				002052 /* Components */,
				002053 /* Home */,
				002054 /* Execute */,
				002055 /* Activity */,
				002056 /* Vault */,
				002057 /* Connections */,
				002058 /* Settings */,
				002059 /* Review */,
			);
			path = UI;
			sourceTree = "<group>";
		};
		002051 /* Design */ = {
			isa = PBXGroup;
			children = (
				002001 /* AgentDesignTokens.swift */,
			);
			path = Design;
			sourceTree = "<group>";
		};
		002052 /* Components */ = {
			isa = PBXGroup;
			children = (
				002002 /* AgentOrbView.swift */,
				002003 /* StatusPillView.swift */,
				002004 /* PrivacyChipView.swift */,
				002005 /* InputPillView.swift */,
				002006 /* QuickActionCard.swift */,
				002007 /* CurrentTaskCard.swift */,
				002008 /* ActivityRowView.swift */,
				002009 /* StepProgressRow.swift */,
				002010 /* ProgressBarView.swift */,
				002011 /* CategoryCard.swift */,
				002012 /* RememberedContextCard.swift */,
				002013 /* ConnectionRowView.swift */,
				002014 /* SettingsCard.swift */,
			);
			path = Components;
			sourceTree = "<group>";
		};
		002053 /* Home */ = {
			isa = PBXGroup;
			children = (
				002015 /* HomeView.swift */,
			);
			path = Home;
			sourceTree = "<group>";
		};
		002054 /* Execute */ = {
			isa = PBXGroup;
			children = (
				002016 /* ExecuteView.swift */,
			);
			path = Execute;
			sourceTree = "<group>";
		};
		002055 /* Activity */ = {
			isa = PBXGroup;
			children = (
				002017 /* ActivityView.swift */,
			);
			path = Activity;
			sourceTree = "<group>";
		};
		002056 /* Vault */ = {
			isa = PBXGroup;
			children = (
				002018 /* VaultView.swift */,
			);
			path = Vault;
			sourceTree = "<group>";
		};
		002057 /* Connections */ = {
			isa = PBXGroup;
			children = (
				002019 /* ConnectionsView.swift */,
			);
			path = Connections;
			sourceTree = "<group>";
		};
		002058 /* Settings */ = {
			isa = PBXGroup;
			children = (
				002020 /* SettingsView.swift */,
			);
			path = Settings;
			sourceTree = "<group>";
		};
		002059 /* Review */ = {
			isa = PBXGroup;
			children = (
				002021 /* ReviewView.swift */,
			);
			path = Review;
			sourceTree = "<group>";
		};
		001078 /* Tests */ = {
			isa = PBXGroup;
			children = (
				001030 /* LocalAgentServiceTests.swift */,
				004004 /* LanguageModelProviderTests.swift */,
				005010 /* LLMProviderTests.swift */,
			);
			path = Tests;
			sourceTree = "<group>";
		};
		001079 /* Products */ = {
			isa = PBXGroup;
			children = (
				001051 /* AgentCoreIOS.app */,
				001052 /* AgentCoreIOSTests.xctest */,
			);
			name = Products;
			sourceTree = "<group>";
		};
/* End PBXGroup section */

/* Begin PBXNativeTarget section */
		001050 /* AgentCoreIOS */ = {
			isa = PBXNativeTarget;
			buildConfigurationList = 001080 /* Build configuration list for PBXNativeTarget "AgentCoreIOS" */;
			buildPhases = (
				001090 /* Sources */,
				001060 /* Frameworks */,
				005090 /* Resources */,
			);
			buildRules = (
			);
			dependencies = (
			);
			name = AgentCoreIOS;
			productName = AgentCoreIOS;
			productReference = 001051 /* AgentCoreIOS.app */;
			productType = "com.apple.product-type.application";
		};
		001053 /* AgentCoreIOSTests */ = {
			isa = PBXNativeTarget;
			buildConfigurationList = 001083 /* Build configuration list for PBXNativeTarget "AgentCoreIOSTests" */;
			buildPhases = (
				001091 /* Sources */,
				001061 /* Frameworks */,
			);
			buildRules = (
			);
			dependencies = (
				001041 /* PBXTargetDependency */,
			);
			name = AgentCoreIOSTests;
			productName = AgentCoreIOSTests;
			productReference = 001052 /* AgentCoreIOSTests.xctest */;
			productType = "com.apple.product-type.bundle.unit-test";
		};
/* End PBXNativeTarget section */

/* Begin PBXProject section */
		001000000000000000000001 /* Project object */ = {
			isa = PBXProject;
			attributes = {
				BuildIndependentTargetsInParallel = 1;
				LastSwiftUpdateCheck = 1500;
				LastUpgradeCheck = 1500;
				TargetAttributes = {
					001050 = {
						CreatedOnToolsVersion = 15.0;
					};
					001053 = {
						CreatedOnToolsVersion = 15.0;
						TestTargetID = 001050;
					};
				};
			};
			buildConfigurationList = 001086 /* Build configuration list for PBXProject "AgentCoreIOS" */;
			compatibilityVersion = "Xcode 14.0";
			developmentRegion = en;
			hasScannedForEncodings = 0;
			knownRegions = (
				en,
				Base,
			);
			mainGroup = 001070 /* Main Group */;
			productRefGroup = 001079 /* Products */;
			projectDirPath = "";
			projectRoot = "";
			targets = (
				001050 /* AgentCoreIOS */,
				001053 /* AgentCoreIOSTests */,
			);
		};
/* End PBXProject section */

/* Begin PBXResourcesBuildPhase section */
		005090 /* Resources */ = {
			isa = PBXResourcesBuildPhase;
			buildActionMask = 2147483647;
			files = (
				005021 /* Assets.xcassets in Resources */,
			);
			runOnlyForDeploymentPostprocessing = 0;
		};
/* End PBXResourcesBuildPhase section */

/* Begin PBXSourcesBuildPhase section */
		001090 /* Sources */ = {
			isa = PBXSourcesBuildPhase;
			buildActionMask = 2147483647;
			files = (
				001001 /* AgentAPIModels.swift in Sources */,
				001003 /* AgentRuntimeContract.swift in Sources */,
				001005 /* LocalAgentService.swift in Sources */,
				001007 /* AgentCoreIOSApp.swift in Sources */,
				001009 /* AgentModelProvider.swift in Sources */,
				001011 /* LocalDeterministicPlanner.swift in Sources */,
				001013 /* AgentRuntime.swift in Sources */,
				004001 /* LanguageModelProvider.swift in Sources */,
				004003 /* MockLanguageModelProvider.swift in Sources */,
				005001 /* ModelCatalog.swift in Sources */,
				005003 /* ModelDownloadManager.swift in Sources */,
				005005 /* OpenAICompatibleProvider.swift in Sources */,
				005007 /* RoutingLanguageModelProvider.swift in Sources */,
				003001 /* AgentRuntimeState.swift in Sources */,
				003003 /* AgentRuntimeEvent.swift in Sources */,
				003005 /* AgentRuntimeReducer.swift in Sources */,
				003007 /* AgentRuntimeStore.swift in Sources */,
				001015 /* LocalCheckpointStore.swift in Sources */,
				001017 /* LocalExperienceStore.swift in Sources */,
				001019 /* LocalMemoryStore.swift in Sources */,
				001021 /* LocalVaultStore.swift in Sources */,
				001023 /* AppDataUpdateModels.swift in Sources */,
				001025 /* DataUpdateValidator.swift in Sources */,
				001027 /* GitHubDataUpdateConfiguration.swift in Sources */,
				001029 /* GitHubDataUpdateManager.swift in Sources */,
				002101 /* AgentDesignTokens.swift in Sources */,
				002102 /* AgentOrbView.swift in Sources */,
				002103 /* StatusPillView.swift in Sources */,
				002104 /* PrivacyChipView.swift in Sources */,
				002105 /* InputPillView.swift in Sources */,
				002106 /* QuickActionCard.swift in Sources */,
				002107 /* CurrentTaskCard.swift in Sources */,
				002108 /* ActivityRowView.swift in Sources */,
				002109 /* StepProgressRow.swift in Sources */,
				002110 /* ProgressBarView.swift in Sources */,
				002111 /* CategoryCard.swift in Sources */,
				002112 /* RememberedContextCard.swift in Sources */,
				002113 /* ConnectionRowView.swift in Sources */,
				002114 /* SettingsCard.swift in Sources */,
				002115 /* HomeView.swift in Sources */,
				002116 /* ExecuteView.swift in Sources */,
				002117 /* ActivityView.swift in Sources */,
				002118 /* VaultView.swift in Sources */,
				002119 /* ConnectionsView.swift in Sources */,
				002120 /* SettingsView.swift in Sources */,
				002121 /* ReviewView.swift in Sources */,
			);
			runOnlyForDeploymentPostprocessing = 0;
		};
		001091 /* Sources */ = {
			isa = PBXSourcesBuildPhase;
			buildActionMask = 2147483647;
			files = (
				001031 /* LocalAgentServiceTests.swift in Sources */,
				004005 /* LanguageModelProviderTests.swift in Sources */,
				001001 /* AgentAPIModels.swift in Sources */,
				001003 /* AgentRuntimeContract.swift in Sources */,
				001005 /* LocalAgentService.swift in Sources */,
				001007 /* AgentCoreIOSApp.swift in Sources */,
				001009 /* AgentModelProvider.swift in Sources */,
				001011 /* LocalDeterministicPlanner.swift in Sources */,
				001013 /* AgentRuntime.swift in Sources */,
				004001 /* LanguageModelProvider.swift in Sources */,
				004003 /* MockLanguageModelProvider.swift in Sources */,
				005001 /* ModelCatalog.swift in Sources */,
				005003 /* ModelDownloadManager.swift in Sources */,
				005005 /* OpenAICompatibleProvider.swift in Sources */,
				005007 /* RoutingLanguageModelProvider.swift in Sources */,
				003001 /* AgentRuntimeState.swift in Sources */,
				003003 /* AgentRuntimeEvent.swift in Sources */,
				003005 /* AgentRuntimeReducer.swift in Sources */,
				003007 /* AgentRuntimeStore.swift in Sources */,
				001015 /* LocalCheckpointStore.swift in Sources */,
				001017 /* LocalExperienceStore.swift in Sources */,
				001019 /* LocalMemoryStore.swift in Sources */,
				001021 /* LocalVaultStore.swift in Sources */,
				001023 /* AppDataUpdateModels.swift in Sources */,
				001025 /* DataUpdateValidator.swift in Sources */,
				001027 /* GitHubDataUpdateConfiguration.swift in Sources */,
				001029 /* GitHubDataUpdateManager.swift in Sources */,
				002101 /* AgentDesignTokens.swift in Sources */,
				002102 /* AgentOrbView.swift in Sources */,
				002103 /* StatusPillView.swift in Sources */,
				002104 /* PrivacyChipView.swift in Sources */,
				002105 /* InputPillView.swift in Sources */,
				002106 /* QuickActionCard.swift in Sources */,
				002107 /* CurrentTaskCard.swift in Sources */,
				002108 /* ActivityRowView.swift in Sources */,
				002109 /* StepProgressRow.swift in Sources */,
				002110 /* ProgressBarView.swift in Sources */,
				002111 /* CategoryCard.swift in Sources */,
				002112 /* RememberedContextCard.swift in Sources */,
				002113 /* ConnectionRowView.swift in Sources */,
				002114 /* SettingsCard.swift in Sources */,
				002115 /* HomeView.swift in Sources */,
				002116 /* ExecuteView.swift in Sources */,
				002117 /* ActivityView.swift in Sources */,
				002118 /* VaultView.swift in Sources */,
				002119 /* ConnectionsView.swift in Sources */,
				002120 /* SettingsView.swift in Sources */,
				002121 /* ReviewView.swift in Sources */,
			);
			runOnlyForDeploymentPostprocessing = 0;
		};
/* End PBXSourcesBuildPhase section */

/* Begin PBXTargetDependency section */
		001041 /* PBXTargetDependency */ = {
			isa = PBXTargetDependency;
			target = 001050 /* AgentCoreIOS */;
			targetProxy = 001040 /* PBXContainerItemProxy */;
		};
/* End PBXTargetDependency section */

/* Begin XCBuildConfiguration section */
		001081 /* Debug */ = {
			isa = XCBuildConfiguration;
			buildSettings = {
				ALWAYS_SEARCH_USER_PATHS = NO;
				ASSETCATALOG_COMPILER_APPICON_NAME = AppIcon;
				CLANG_ENABLE_MODULES = YES;
				CODE_SIGN_STYLE = Automatic;
				CURRENT_PROJECT_VERSION = 1;
				GENERATE_INFOPLIST_FILE = NO;
				INFOPLIST_FILE = AgentCoreIOS/App/Info.plist;
				IPHONEOS_DEPLOYMENT_TARGET = 17.0;
				LD_RUNPATH_SEARCH_PATHS = (
					"$(inherited)",
					"@executable_path/Frameworks",
				);
				MARKETING_VERSION = 0.2.0;
				PRODUCT_BUNDLE_IDENTIFIER = com.agentcore.AgentCoreIOS;
				PRODUCT_NAME = "$(TARGET_NAME)";
				SWIFT_EMIT_LOC_STRINGS = YES;
				SWIFT_VERSION = 5.0;
				TARGETED_DEVICE_FAMILY = "1,2";
			};
			name = Debug;
		};
		001082 /* Release */ = {
			isa = XCBuildConfiguration;
			buildSettings = {
				ALWAYS_SEARCH_USER_PATHS = NO;
				ASSETCATALOG_COMPILER_APPICON_NAME = AppIcon;
				CLANG_ENABLE_MODULES = YES;
				CODE_SIGN_STYLE = Automatic;
				CURRENT_PROJECT_VERSION = 1;
				GENERATE_INFOPLIST_FILE = NO;
				INFOPLIST_FILE = AgentCoreIOS/App/Info.plist;
				IPHONEOS_DEPLOYMENT_TARGET = 17.0;
				LD_RUNPATH_SEARCH_PATHS = (
					"$(inherited)",
					"@executable_path/Frameworks",
				);
				MARKETING_VERSION = 0.2.0;
				PRODUCT_BUNDLE_IDENTIFIER = com.agentcore.AgentCoreIOS;
				PRODUCT_NAME = "$(TARGET_NAME)";
				SWIFT_EMIT_LOC_STRINGS = YES;
				SWIFT_VERSION = 5.0;
				TARGETED_DEVICE_FAMILY = "1,2";
			};
			name = Release;
		};
		001084 /* Debug */ = {
			isa = XCBuildConfiguration;
			buildSettings = {
				ALWAYS_SEARCH_USER_PATHS = NO;
				CLANG_ENABLE_MODULES = YES;
				CODE_SIGN_STYLE = Automatic;
				CURRENT_PROJECT_VERSION = 1;
				GENERATE_INFOPLIST_FILE = YES;
				IPHONEOS_DEPLOYMENT_TARGET = 17.0;
				LD_RUNPATH_SEARCH_PATHS = (
					"$(inherited)",
					"@executable_path/Frameworks",
					"@loader_path/Frameworks",
				);
				MARKETING_VERSION = 0.2.0;
				PRODUCT_BUNDLE_IDENTIFIER = com.agentcore.AgentCoreIOSTests;
				PRODUCT_NAME = "$(TARGET_NAME)";
				SWIFT_EMIT_LOC_STRINGS = YES;
				SWIFT_VERSION = 5.0;
				TARGETED_DEVICE_FAMILY = "1,2";
				TEST_HOST = "$(BUILT_PRODUCTS_DIR)/AgentCoreIOS.app/AgentCoreIOS";
			};
			name = Debug;
		};
		001085 /* Release */ = {
			isa = XCBuildConfiguration;
			buildSettings = {
				ALWAYS_SEARCH_USER_PATHS = NO;
				CLANG_ENABLE_MODULES = YES;
				CODE_SIGN_STYLE = Automatic;
				CURRENT_PROJECT_VERSION = 1;
				GENERATE_INFOPLIST_FILE = YES;
				IPHONEOS_DEPLOYMENT_TARGET = 17.0;
				LD_RUNPATH_SEARCH_PATHS = (
					"$(inherited)",
					"@executable_path/Frameworks",
					"@loader_path/Frameworks",
				);
				MARKETING_VERSION = 0.2.0;
				PRODUCT_BUNDLE_IDENTIFIER = com.agentcore.AgentCoreIOSTests;
				PRODUCT_NAME = "$(TARGET_NAME)";
				SWIFT_EMIT_LOC_STRINGS = YES;
				SWIFT_VERSION = 5.0;
				TARGETED_DEVICE_FAMILY = "1,2";
				TEST_HOST = "$(BUILT_PRODUCTS_DIR)/AgentCoreIOS.app/AgentCoreIOS";
			};
			name = Release;
		};
		001087 /* Debug */ = {
			isa = XCBuildConfiguration;
			buildSettings = {
				ALWAYS_SEARCH_USER_PATHS = NO;
				CLANG_ANALYZER_NONNULL = YES;
				CLANG_ENABLE_MODULES = YES;
				CLANG_ENABLE_OBJC_ARC = YES;
				COPY_PHASE_STRIP = NO;
				DEBUG_INFORMATION_FORMAT = dwarf;
				ENABLE_STRICT_OBJC_MSGSEND = YES;
				ENABLE_TESTABILITY = YES;
				GCC_DYNAMIC_NO_PIC = NO;
				GCC_NO_COMMON_BLOCKS = YES;
				GCC_OPTIMIZATION_LEVEL = 0;
				GCC_PREPROCESSOR_DEFINITIONS = (
					"DEBUG=1",
					"$(inherited)",
				);
				GCC_WARN_64_TO_32_BIT_CONVERSION = YES;
				GCC_WARN_UNDECLARED_SELECTOR = YES;
				GCC_WARN_UNINITIALIZED_AUTOS = YES_AGGRESSIVE;
				GCC_WARN_UNUSED_FUNCTION = YES;
				GCC_WARN_UNUSED_VARIABLE = YES;
				IPHONEOS_DEPLOYMENT_TARGET = 17.0;
				MTL_ENABLE_DEBUG_INFO = INCLUDE_SOURCE;
				ONLY_ACTIVE_ARCH = YES;
				SDKROOT = iphoneos;
				SWIFT_ACTIVE_COMPILATION_CONDITIONS = DEBUG;
				SWIFT_OPTIMIZATION_LEVEL = "-Onone";
			};
			name = Debug;
		};
		001088 /* Release */ = {
			isa = XCBuildConfiguration;
			buildSettings = {
				ALWAYS_SEARCH_USER_PATHS = NO;
				CLANG_ANALYZER_NONNULL = YES;
				CLANG_ENABLE_MODULES = YES;
				CLANG_ENABLE_OBJC_ARC = YES;
				COPY_PHASE_STRIP = NO;
				DEBUG_INFORMATION_FORMAT = "dwarf-with-dsym";
				ENABLE_NS_ASSERTIONS = NO;
				ENABLE_STRICT_OBJC_MSGSEND = YES;
				GCC_NO_COMMON_BLOCKS = YES;
				GCC_WARN_64_TO_32_BIT_CONVERSION = YES;
				GCC_WARN_UNDECLARED_SELECTOR = YES;
				GCC_WARN_UNINITIALIZED_AUTOS = YES_AGGRESSIVE;
				GCC_WARN_UNUSED_FUNCTION = YES;
				GCC_WARN_UNUSED_VARIABLE = YES;
				IPHONEOS_DEPLOYMENT_TARGET = 17.0;
				MTL_FAST_MATH = YES;
				SDKROOT = iphoneos;
				SWIFT_COMPILATION_MODE = wholemodule;
				SWIFT_OPTIMIZATION_LEVEL = "-O";
				VALIDATE_PRODUCT = YES;
			};
			name = Release;
		};
/* End XCBuildConfiguration section */

/* Begin XCConfigurationList section */
		001080 /* Build configuration list for PBXNativeTarget "AgentCoreIOS" */ = {
			isa = XCConfigurationList;
			buildConfigurations = (
				001081 /* Debug */,
				001082 /* Release */,
			);
			defaultConfigurationIsVisible = 0;
			defaultConfigurationName = Release;
		};
		001083 /* Build configuration list for PBXNativeTarget "AgentCoreIOSTests" */ = {
			isa = XCConfigurationList;
			buildConfigurations = (
				001084 /* Debug */,
				001085 /* Release */,
			);
			defaultConfigurationIsVisible = 0;
			defaultConfigurationName = Release;
		};
		001086 /* Build configuration list for PBXProject "AgentCoreIOS" */ = {
			isa = XCConfigurationList;
			buildConfigurations = (
				001087 /* Debug */,
				001088 /* Release */,
			);
			defaultConfigurationIsVisible = 0;
			defaultConfigurationName = Release;
		};
/* End XCConfigurationList section */
	};
	rootObject = 001000000000000000000001 /* Project object */;
}
